
Microsoft Visual Studio Solution File, Format Version 12.00
Project("{FAE04EC0-301F-11D3-BF4B-00C04F79EFBC}") = "ConsoleApp", "ConsoleApp\ConsoleApp.csproj", "{C01CB77B-132B-4816-BF28-A3B0BE571692}"
EndProject
Project("{FAE04EC0-301F-11D3-BF4B-00C04F79EFBC}") = "ScrrapingLibrary", "ScrrapingLibrary\ScrrapingLibrary.csproj", "{18407F39-F401-4D86-B562-3E36ACC674F2}"
EndProject
Global
	GlobalSection(SolutionConfigurationPlatforms) = preSolution
		Debug|Any CPU = Debug|Any CPU
		Release|Any CPU = Release|Any CPU
	EndGlobalSection
	GlobalSection(ProjectConfigurationPlatforms) = postSolution
		{C01CB77B-132B-4816-BF28-A3B0BE571692}.Debug|Any CPU.ActiveCfg = Debug|Any CPU
		{C01CB77B-132B-4816-BF28-A3B0BE571692}.Debug|Any CPU.Build.0 = Debug|Any CPU
		{C01CB77B-132B-4816-BF28-A3B0BE571692}.Release|Any CPU.ActiveCfg = Release|Any CPU
		{C01CB77B-132B-4816-BF28-A3B0BE571692}.Release|Any CPU.Build.0 = Release|Any CPU
		{18407F39-F401-4D86-B562-3E36ACC674F2}.Debug|Any CPU.ActiveCfg = Debug|Any CPU
		{18407F39-F401-4D86-B562-3E36ACC674F2}.Debug|Any CPU.Build.0 = Debug|Any CPU
		{18407F39-F401-4D86-B562-3E36ACC674F2}.Release|Any CPU.ActiveCfg = Release|Any CPU
		{18407F39-F401-4D86-B562-3E36ACC674F2}.Release|Any CPU.Build.0 = Release|Any CPU
	EndGlobalSection
EndGlobal
